
Microsoft Visual Studio Solution File, Format Version 12.00
# Visual Studio Version 17
VisualStudioVersion = 17.6.33801.468
MinimumVisualStudioVersion = 10.0.40219.1
Project("{2150E333-8FDC-42A3-9474-1A3956D46DE8}") = "FrontEnd", "FrontEnd", "{4DC76BA4-94A0-4B5E-9D4A-912A874955EA}"
EndProject
Project("{2150E333-8FDC-42A3-9474-1A3956D46DE8}") = "Services", "Services", "{820F4326-5D54-4F64-9C11-93561D2145A8}"
EndProject
Project("{9A19103F-16F7-4668-BE54-9A1E7A4F7556}") = "GeekShopping.Web", "GeekShopping.Web\GeekShopping.Web.csproj", "{9B0D4E62-1FC8-45B7-88DA-CE649A4E96B4}"
EndProject
Project("{9A19103F-16F7-4668-BE54-9A1E7A4F7556}") = "GeekShopping.ProductAPI", "GeekShopping.ProductAPI\GeekShopping.ProductAPI.csproj", "{0D67F2AB-D3C6-40B5-9527-64AC328C07DC}"
EndProject
Project("{9A19103F-16F7-4668-BE54-9A1E7A4F7556}") = "GeekShopping.IdentityServer", "GeekShopping.IdentityServer\GeekShopping.IdentityServer.csproj", "{09403DAC-13F7-47B1-8152-54B89779DEB3}"
EndProject
Project("{9A19103F-16F7-4668-BE54-9A1E7A4F7556}") = "GeekShopping.CartAPI", "GeekShopping.CartAPI\GeekShopping.CartAPI.csproj", "{F4F7C048-56C4-4F65-A2A8-39FC0D84579E}"
EndProject
Project("{9A19103F-16F7-4668-BE54-9A1E7A4F7556}") = "GeekShopping.CouponAPI", "GeekShopping.CouponAPI\GeekShopping.CouponAPI.csproj", "{CF219660-11AF-4949-8246-358F6B46CCE5}"
EndProject
Project("{2150E333-8FDC-42A3-9474-1A3956D46DE8}") = "Integration", "Integration", "{DF58967C-BE4B-4758-AF62-FAA33EDA48EA}"
EndProject
Project("{9A19103F-16F7-4668-BE54-9A1E7A4F7556}") = "GeekShopping.MessageBus", "GeekShopping.MessageBus\GeekShopping.MessageBus.csproj", "{641D82CA-12DA-447C-84C7-C2DC29999B25}"
EndProject
Project("{9A19103F-16F7-4668-BE54-9A1E7A4F7556}") = "GeekShopping.OrderAPI", "GeekShopping.OrderAPI\GeekShopping.OrderAPI.csproj", "{E6F6953E-9B2B-4FB3-89BF-B1D4D086186D}"
EndProject
Project("{2150E333-8FDC-42A3-9474-1A3956D46DE8}") = "Payments", "Payments", "{53ED7E98-4CE1-460A-BBFD-CEF9710BB6C5}"
EndProject
Project("{9A19103F-16F7-4668-BE54-9A1E7A4F7556}") = "GeekShopping.PaymentProcessor", "GeekShopping.PaymentProcessor\GeekShopping.PaymentProcessor.csproj", "{42857F5E-E0E4-41FB-86FD-7DEC0D6A6704}"
EndProject
Project("{9A19103F-16F7-4668-BE54-9A1E7A4F7556}") = "GeekShopping.PaymentAPI", "GeekShopping.PaymentAPI\GeekShopping.PaymentAPI.csproj", "{EA89E68F-E75E-4E31-A1CD-ABFBEDE2154A}"
EndProject
Project("{9A19103F-16F7-4668-BE54-9A1E7A4F7556}") = "GeekShopping.Email", "geekShopping.Email\GeekShopping.Email.csproj", "{E3790359-4746-49CC-80ED-C402F2A9A572}"
EndProject
Project("{2150E333-8FDC-42A3-9474-1A3956D46DE8}") = "Gateway", "Gateway", "{0AF4519D-B9AE-47A0-97D1-59E6C74A40B0}"
EndProject
Project("{FAE04EC0-301F-11D3-BF4B-00C04F79EFBC}") = "GeekShopping.APIGateway", "GeekShopping.APIGateway\GeekShopping.APIGateway.csproj", "{17BD1AEF-CD82-448F-8B2A-87F4DC7DB336}"
EndProject
Global
	GlobalSection(SolutionConfigurationPlatforms) = preSolution
		Debug|Any CPU = Debug|Any CPU
		Release|Any CPU = Release|Any CPU
	EndGlobalSection
	GlobalSection(ProjectConfigurationPlatforms) = postSolution
		{9B0D4E62-1FC8-45B7-88DA-CE649A4E96B4}.Debug|Any CPU.ActiveCfg = Debug|Any CPU
		{9B0D4E62-1FC8-45B7-88DA-CE649A4E96B4}.Debug|Any CPU.Build.0 = Debug|Any CPU
		{9B0D4E62-1FC8-45B7-88DA-CE649A4E96B4}.Release|Any CPU.ActiveCfg = Release|Any CPU
		{9B0D4E62-1FC8-45B7-88DA-CE649A4E96B4}.Release|Any CPU.Build.0 = Release|Any CPU
		{0D67F2AB-D3C6-40B5-9527-64AC328C07DC}.Debug|Any CPU.ActiveCfg = Debug|Any CPU
		{0D67F2AB-D3C6-40B5-9527-64AC328C07DC}.Debug|Any CPU.Build.0 = Debug|Any CPU
		{0D67F2AB-D3C6-40B5-9527-64AC328C07DC}.Release|Any CPU.ActiveCfg = Release|Any CPU
		{0D67F2AB-D3C6-40B5-9527-64AC328C07DC}.Release|Any CPU.Build.0 = Release|Any CPU
		{09403DAC-13F7-47B1-8152-54B89779DEB3}.Debug|Any CPU.ActiveCfg = Debug|Any CPU
		{09403DAC-13F7-47B1-8152-54B89779DEB3}.Debug|Any CPU.Build.0 = Debug|Any CPU
		{09403DAC-13F7-47B1-8152-54B89779DEB3}.Release|Any CPU.ActiveCfg = Release|Any CPU
		{09403DAC-13F7-47B1-8152-54B89779DEB3}.Release|Any CPU.Build.0 = Release|Any CPU
		{F4F7C048-56C4-4F65-A2A8-39FC0D84579E}.Debug|Any CPU.ActiveCfg = Debug|Any CPU
		{F4F7C048-56C4-4F65-A2A8-39FC0D84579E}.Debug|Any CPU.Build.0 = Debug|Any CPU
		{F4F7C048-56C4-4F65-A2A8-39FC0D84579E}.Release|Any CPU.ActiveCfg = Release|Any CPU
		{F4F7C048-56C4-4F65-A2A8-39FC0D84579E}.Release|Any CPU.Build.0 = Release|Any CPU
		{CF219660-11AF-4949-8246-358F6B46CCE5}.Debug|Any CPU.ActiveCfg = Debug|Any CPU
		{CF219660-11AF-4949-8246-358F6B46CCE5}.Debug|Any CPU.Build.0 = Debug|Any CPU
		{CF219660-11AF-4949-8246-358F6B46CCE5}.Release|Any CPU.ActiveCfg = Release|Any CPU
		{CF219660-11AF-4949-8246-358F6B46CCE5}.Release|Any CPU.Build.0 = Release|Any CPU
		{641D82CA-12DA-447C-84C7-C2DC29999B25}.Debug|Any CPU.ActiveCfg = Debug|Any CPU
		{641D82CA-12DA-447C-84C7-C2DC29999B25}.Debug|Any CPU.Build.0 = Debug|Any CPU
		{641D82CA-12DA-447C-84C7-C2DC29999B25}.Release|Any CPU.ActiveCfg = Release|Any CPU
		{641D82CA-12DA-447C-84C7-C2DC29999B25}.Release|Any CPU.Build.0 = Release|Any CPU
		{E6F6953E-9B2B-4FB3-89BF-B1D4D086186D}.Debug|Any CPU.ActiveCfg = Debug|Any CPU
		{E6F6953E-9B2B-4FB3-89BF-B1D4D086186D}.Debug|Any CPU.Build.0 = Debug|Any CPU
		{E6F6953E-9B2B-4FB3-89BF-B1D4D086186D}.Release|Any CPU.ActiveCfg = Release|Any CPU
		{E6F6953E-9B2B-4FB3-89BF-B1D4D086186D}.Release|Any CPU.Build.0 = Release|Any CPU
		{42857F5E-E0E4-41FB-86FD-7DEC0D6A6704}.Debug|Any CPU.ActiveCfg = Debug|Any CPU
		{42857F5E-E0E4-41FB-86FD-7DEC0D6A6704}.Debug|Any CPU.Build.0 = Debug|Any CPU
		{42857F5E-E0E4-41FB-86FD-7DEC0D6A6704}.Release|Any CPU.ActiveCfg = Release|Any CPU
		{42857F5E-E0E4-41FB-86FD-7DEC0D6A6704}.Release|Any CPU.Build.0 = Release|Any CPU
		{EA89E68F-E75E-4E31-A1CD-ABFBEDE2154A}.Debug|Any CPU.ActiveCfg = Debug|Any CPU
		{EA89E68F-E75E-4E31-A1CD-ABFBEDE2154A}.Debug|Any CPU.Build.0 = Debug|Any CPU
		{EA89E68F-E75E-4E31-A1CD-ABFBEDE2154A}.Release|Any CPU.ActiveCfg = Release|Any CPU
		{EA89E68F-E75E-4E31-A1CD-ABFBEDE2154A}.Release|Any CPU.Build.0 = Release|Any CPU
		{E3790359-4746-49CC-80ED-C402F2A9A572}.Debug|Any CPU.ActiveCfg = Debug|Any CPU
		{E3790359-4746-49CC-80ED-C402F2A9A572}.Debug|Any CPU.Build.0 = Debug|Any CPU
		{E3790359-4746-49CC-80ED-C402F2A9A572}.Release|Any CPU.ActiveCfg = Release|Any CPU
		{E3790359-4746-49CC-80ED-C402F2A9A572}.Release|Any CPU.Build.0 = Release|Any CPU
		{17BD1AEF-CD82-448F-8B2A-87F4DC7DB336}.Debug|Any CPU.ActiveCfg = Debug|Any CPU
		{17BD1AEF-CD82-448F-8B2A-87F4DC7DB336}.Debug|Any CPU.Build.0 = Debug|Any CPU
		{17BD1AEF-CD82-448F-8B2A-87F4DC7DB336}.Release|Any CPU.ActiveCfg = Release|Any CPU
		{17BD1AEF-CD82-448F-8B2A-87F4DC7DB336}.Release|Any CPU.Build.0 = Release|Any CPU
	EndGlobalSection
	GlobalSection(SolutionProperties) = preSolution
		HideSolutionNode = FALSE
	EndGlobalSection
	GlobalSection(NestedProjects) = preSolution
		{9B0D4E62-1FC8-45B7-88DA-CE649A4E96B4} = {4DC76BA4-94A0-4B5E-9D4A-912A874955EA}
		{0D67F2AB-D3C6-40B5-9527-64AC328C07DC} = {820F4326-5D54-4F64-9C11-93561D2145A8}
		{09403DAC-13F7-47B1-8152-54B89779DEB3} = {820F4326-5D54-4F64-9C11-93561D2145A8}
		{F4F7C048-56C4-4F65-A2A8-39FC0D84579E} = {820F4326-5D54-4F64-9C11-93561D2145A8}
		{CF219660-11AF-4949-8246-358F6B46CCE5} = {820F4326-5D54-4F64-9C11-93561D2145A8}
		{641D82CA-12DA-447C-84C7-C2DC29999B25} = {DF58967C-BE4B-4758-AF62-FAA33EDA48EA}
		{E6F6953E-9B2B-4FB3-89BF-B1D4D086186D} = {820F4326-5D54-4F64-9C11-93561D2145A8}
		{42857F5E-E0E4-41FB-86FD-7DEC0D6A6704} = {53ED7E98-4CE1-460A-BBFD-CEF9710BB6C5}
		{EA89E68F-E75E-4E31-A1CD-ABFBEDE2154A} = {820F4326-5D54-4F64-9C11-93561D2145A8}
		{E3790359-4746-49CC-80ED-C402F2A9A572} = {820F4326-5D54-4F64-9C11-93561D2145A8}
		{17BD1AEF-CD82-448F-8B2A-87F4DC7DB336} = {0AF4519D-B9AE-47A0-97D1-59E6C74A40B0}
	EndGlobalSection
	GlobalSection(ExtensibilityGlobals) = postSolution
		SolutionGuid = {8B1D7FA7-7949-407C-BBE8-373E1EEF5B51}
	EndGlobalSection
EndGlobal
